<?xml version="1.0" encoding="UTF-8" standalone="yes" ?>
<CodeBlocks_project_file>
	<FileVersion major="1" minor="6" />
	<Project>
		<Option title="TSP_project" />
		<Option pch_mode="2" />
		<Option compiler="gcc" />
		<Build>
			<Target title="Debug">
				<Option output="bin/Debug/TSP_project" prefix_auto="1" extension_auto="1" />
				<Option object_output="obj/Debug/" />
				<Option type="1" />
				<Option compiler="gcc" />
				<Compiler>
					<Add option="-g" />
				</Compiler>
			</Target>
			<Target title="Release">
				<Option output="bin/Release/TSP_project" prefix_auto="1" extension_auto="1" />
				<Option object_output="obj/Release/" />
				<Option type="1" />
				<Option compiler="gcc" />
				<Compiler>
					<Add option="-O2" />
				</Compiler>
				<Linker>
					<Add option="-s" />
				</Linker>
			</Target>
		</Build>
		<Compiler>
			<Add option="-Wall" />
			<Add option="-fexceptions" />
		</Compiler>
		<Unit filename="Class Diagram.xmi" />
		<Unit filename="Individu.cpp" />
		<Unit filename="Individu.h" />
		<Unit filename="Population.cpp" />
		<Unit filename="Population.h" />
		<Unit filename="affiche_villes.cpp" />
		<Unit filename="affiche_villes.h" />
		<Unit filename="critere_arret.cpp" />
		<Unit filename="critere_arret.h" />
		<Unit filename="distances.htm" />
		<Unit filename="france.xpm" />
		<Unit filename="main.cpp" />
		<Unit filename="matrice_cout.cpp" />
		<Unit filename="matrice_cout.h" />
		<Unit filename="tsp_project.depend" />
		<Unit filename="tsp_project.layout" />
		<Unit filename="villes.htm" />
		<Extensions>
			<code_completion />
			<envvars />
			<lib_finder>
				<lib name="gtk+-2.0" />
			</lib_finder>
			<debugger />
		</Extensions>
	</Project>
</CodeBlocks_project_file>
